
Microsoft Visual Studio Solution File, Format Version 12.00
# Visual Studio 15
Project("{FAE04EC0-301F-11D3-BF4B-00C04F79EFBC}") = "Assembly-CSharp", "Assembly-CSharp.csproj", "{E04A616A-28D2-E2B7-1807-7F0E80E3FCF8}"
EndProject
Project("{FAE04EC0-301F-11D3-BF4B-00C04F79EFBC}") = "NavMeshComponents", "NavMeshComponents.csproj", "{7E249EA3-6547-9ACA-4211-C08AD1CC01CE}"
EndProject
Project("{FAE04EC0-301F-11D3-BF4B-00C04F79EFBC}") = "NavMeshComponentsEditor", "NavMeshComponentsEditor.csproj", "{6E95292E-E9AB-2748-BD87-41438A2258B9}"
EndProject
Project("{FAE04EC0-301F-11D3-BF4B-00C04F79EFBC}") = "Assembly-CSharp-Editor", "Assembly-CSharp-Editor.csproj", "{3144D94C-1C5F-B909-F095-911726AE4ACF}"
EndProject
Global
	GlobalSection(SolutionConfigurationPlatforms) = preSolution
		Debug|Any CPU = Debug|Any CPU
		Release|Any CPU = Release|Any CPU
	EndGlobalSection
	GlobalSection(ProjectConfigurationPlatforms) = postSolution
		{E04A616A-28D2-E2B7-1807-7F0E80E3FCF8}.Debug|Any CPU.ActiveCfg = Debug|Any CPU
		{E04A616A-28D2-E2B7-1807-7F0E80E3FCF8}.Debug|Any CPU.Build.0 = Debug|Any CPU
		{E04A616A-28D2-E2B7-1807-7F0E80E3FCF8}.Release|Any CPU.ActiveCfg = Release|Any CPU
		{E04A616A-28D2-E2B7-1807-7F0E80E3FCF8}.Release|Any CPU.Build.0 = Release|Any CPU
		{7E249EA3-6547-9ACA-4211-C08AD1CC01CE}.Debug|Any CPU.ActiveCfg = Debug|Any CPU
		{7E249EA3-6547-9ACA-4211-C08AD1CC01CE}.Debug|Any CPU.Build.0 = Debug|Any CPU
		{7E249EA3-6547-9ACA-4211-C08AD1CC01CE}.Release|Any CPU.ActiveCfg = Release|Any CPU
		{7E249EA3-6547-9ACA-4211-C08AD1CC01CE}.Release|Any CPU.Build.0 = Release|Any CPU
		{6E95292E-E9AB-2748-BD87-41438A2258B9}.Debug|Any CPU.ActiveCfg = Debug|Any CPU
		{6E95292E-E9AB-2748-BD87-41438A2258B9}.Debug|Any CPU.Build.0 = Debug|Any CPU
		{6E95292E-E9AB-2748-BD87-41438A2258B9}.Release|Any CPU.ActiveCfg = Release|Any CPU
		{6E95292E-E9AB-2748-BD87-41438A2258B9}.Release|Any CPU.Build.0 = Release|Any CPU
		{3144D94C-1C5F-B909-F095-911726AE4ACF}.Debug|Any CPU.ActiveCfg = Debug|Any CPU
		{3144D94C-1C5F-B909-F095-911726AE4ACF}.Debug|Any CPU.Build.0 = Debug|Any CPU
		{3144D94C-1C5F-B909-F095-911726AE4ACF}.Release|Any CPU.ActiveCfg = Release|Any CPU
		{3144D94C-1C5F-B909-F095-911726AE4ACF}.Release|Any CPU.Build.0 = Release|Any CPU
	EndGlobalSection
	GlobalSection(SolutionProperties) = preSolution
		HideSolutionNode = FALSE
	EndGlobalSection
EndGlobal
